
Microsoft Visual Studio Solution File, Format Version 12.00
# Visual Studio 2012
Project("{FAE04EC0-301F-11D3-BF4B-00C04F79EFBC}") = "OAuthProxy.Web", "Src\OAuthProxy.Web\OAuthProxy.Web.csproj", "{FA66D91F-68B3-4802-8484-499C8EA329B5}"
EndProject
Global
	GlobalSection(SolutionConfigurationPlatforms) = preSolution
		Debug|Any CPU = Debug|Any CPU
		Release|Any CPU = Release|Any CPU
	EndGlobalSection
	GlobalSection(ProjectConfigurationPlatforms) = postSolution
		{FA66D91F-68B3-4802-8484-499C8EA329B5}.Debug|Any CPU.ActiveCfg = Debug|Any CPU
		{FA66D91F-68B3-4802-8484-499C8EA329B5}.Debug|Any CPU.Build.0 = Debug|Any CPU
		{FA66D91F-68B3-4802-8484-499C8EA329B5}.Release|Any CPU.ActiveCfg = Release|Any CPU
		{FA66D91F-68B3-4802-8484-499C8EA329B5}.Release|Any CPU.Build.0 = Release|Any CPU
	EndGlobalSection
	GlobalSection(SolutionProperties) = preSolution
		HideSolutionNode = FALSE
	EndGlobalSection
EndGlobal
